
Microsoft Visual Studio Solution File, Format Version 12.00
# Visual Studio Version 16
VisualStudioVersion = 16.0.29926.136
MinimumVisualStudioVersion = 10.0.40219.1
Project("{FAE04EC0-301F-11D3-BF4B-00C04F79EFBC}") = "BinaryValidator", "ConsoleApp1\BinaryValidator.csproj", "{0C8CF62D-CB9F-4483-B52E-161446DE86BC}"
EndProject
Global
	GlobalSection(SolutionConfigurationPlatforms) = preSolution
		Debug|Any CPU = Debug|Any CPU
		Release|Any CPU = Release|Any CPU
	EndGlobalSection
	GlobalSection(ProjectConfigurationPlatforms) = postSolution
		{0C8CF62D-CB9F-4483-B52E-161446DE86BC}.Debug|Any CPU.ActiveCfg = Debug|Any CPU
		{0C8CF62D-CB9F-4483-B52E-161446DE86BC}.Debug|Any CPU.Build.0 = Debug|Any CPU
		{0C8CF62D-CB9F-4483-B52E-161446DE86BC}.Release|Any CPU.ActiveCfg = Release|Any CPU
		{0C8CF62D-CB9F-4483-B52E-161446DE86BC}.Release|Any CPU.Build.0 = Release|Any CPU
	EndGlobalSection
	GlobalSection(SolutionProperties) = preSolution
		HideSolutionNode = FALSE
	EndGlobalSection
	GlobalSection(ExtensibilityGlobals) = postSolution
		SolutionGuid = {D37C2C18-4970-459E-9A15-1B9AD7DC0619}
	EndGlobalSection
EndGlobal
